
Microsoft Visual Studio Solution File, Format Version 12.00
# Visual Studio 15
VisualStudioVersion = 15.0.27130.2026
MinimumVisualStudioVersion = 10.0.40219.1
Project("{FAE04EC0-301F-11D3-BF4B-00C04F79EFBC}") = "Aflevering 1", "Aflevering 1\Aflevering 1.csproj", "{10504B8E-F2E9-43D2-8AF5-56C664AC3F76}"
EndProject
Global
	GlobalSection(SolutionConfigurationPlatforms) = preSolution
		Debug|Any CPU = Debug|Any CPU
		Release|Any CPU = Release|Any CPU
	EndGlobalSection
	GlobalSection(ProjectConfigurationPlatforms) = postSolution
		{10504B8E-F2E9-43D2-8AF5-56C664AC3F76}.Debug|Any CPU.ActiveCfg = Debug|Any CPU
		{10504B8E-F2E9-43D2-8AF5-56C664AC3F76}.Debug|Any CPU.Build.0 = Debug|Any CPU
		{10504B8E-F2E9-43D2-8AF5-56C664AC3F76}.Release|Any CPU.ActiveCfg = Release|Any CPU
		{10504B8E-F2E9-43D2-8AF5-56C664AC3F76}.Release|Any CPU.Build.0 = Release|Any CPU
	EndGlobalSection
	GlobalSection(SolutionProperties) = preSolution
		HideSolutionNode = FALSE
	EndGlobalSection
	GlobalSection(ExtensibilityGlobals) = postSolution
		SolutionGuid = {E3FC6BB7-DCBD-4B90-99D9-A2F0AA34C3D4}
	EndGlobalSection
EndGlobal
