
Microsoft Visual Studio Solution File, Format Version 12.00
# Visual Studio 15
VisualStudioVersion = 15.0.27130.2026
MinimumVisualStudioVersion = 10.0.40219.1
Project("{FAE04EC0-301F-11D3-BF4B-00C04F79EFBC}") = "NavyCompositePattern", "NavyCompositePattern\NavyCompositePattern.csproj", "{BD0494F4-45B8-47D4-A977-12B4DE9A3EFB}"
EndProject
Global
	GlobalSection(SolutionConfigurationPlatforms) = preSolution
		Debug|Any CPU = Debug|Any CPU
		Release|Any CPU = Release|Any CPU
	EndGlobalSection
	GlobalSection(ProjectConfigurationPlatforms) = postSolution
		{BD0494F4-45B8-47D4-A977-12B4DE9A3EFB}.Debug|Any CPU.ActiveCfg = Debug|Any CPU
		{BD0494F4-45B8-47D4-A977-12B4DE9A3EFB}.Debug|Any CPU.Build.0 = Debug|Any CPU
		{BD0494F4-45B8-47D4-A977-12B4DE9A3EFB}.Release|Any CPU.ActiveCfg = Release|Any CPU
		{BD0494F4-45B8-47D4-A977-12B4DE9A3EFB}.Release|Any CPU.Build.0 = Release|Any CPU
	EndGlobalSection
	GlobalSection(SolutionProperties) = preSolution
		HideSolutionNode = FALSE
	EndGlobalSection
	GlobalSection(ExtensibilityGlobals) = postSolution
		SolutionGuid = {86CF3119-2DF7-4511-95E0-A40E042B892B}
	EndGlobalSection
EndGlobal
